
Microsoft Visual Studio Solution File, Format Version 12.00
# Visual Studio Version 16
VisualStudioVersion = 16.0.30717.126
MinimumVisualStudioVersion = 10.0.40219.1
Project("{FAE04EC0-301F-11D3-BF4B-00C04F79EFBC}") = "CodexEvents", "CodexEvents.csproj", "{3D34F20B-3213-4826-9056-8B6A68B56A64}"
EndProject
Global
	GlobalSection(SolutionConfigurationPlatforms) = preSolution
		Debug|Any CPU = Debug|Any CPU
		Release|Any CPU = Release|Any CPU
	EndGlobalSection
	GlobalSection(ProjectConfigurationPlatforms) = postSolution
		{3D34F20B-3213-4826-9056-8B6A68B56A64}.Debug|Any CPU.ActiveCfg = Debug|Any CPU
		{3D34F20B-3213-4826-9056-8B6A68B56A64}.Debug|Any CPU.Build.0 = Debug|Any CPU
		{3D34F20B-3213-4826-9056-8B6A68B56A64}.Release|Any CPU.ActiveCfg = Release|Any CPU
		{3D34F20B-3213-4826-9056-8B6A68B56A64}.Release|Any CPU.Build.0 = Release|Any CPU
	EndGlobalSection
	GlobalSection(SolutionProperties) = preSolution
		HideSolutionNode = FALSE
	EndGlobalSection
	GlobalSection(ExtensibilityGlobals) = postSolution
		SolutionGuid = {A86C5D4C-EAAF-4D29-99DE-5A2F0B421348}
	EndGlobalSection
EndGlobal
